// !$*UTF8*$!
{
	archiveVersion = 1;
	classes = {
	};
	objectVersion = 56;
	objects = {

/* Begin PBXBuildFile section */
		5E400A352AD98BF500F38C03 /* WordlplayApp.swift in Sources */ = {isa = PBXBuildFile; fileRef = 5E400A342AD98BF500F38C03 /* WordlplayApp.swift */; };
		5E400A372AD98BF500F38C03 /* ContentView.swift in Sources */ = {isa = PBXBuildFile; fileRef = 5E400A362AD98BF500F38C03 /* ContentView.swift */; };
		5E400A392AD98BF700F38C03 /* Assets.xcassets in Resources */ = {isa = PBXBuildFile; fileRef = 5E400A382AD98BF700F38C03 /* Assets.xcassets */; };
		5E400A3C2AD98BF700F38C03 /* Preview Assets.xcassets in Resources */ = {isa = PBXBuildFile; fileRef = 5E400A3B2AD98BF700F38C03 /* Preview Assets.xcassets */; };
		5E400A462AD98BF700F38C03 /* WordlplayTests.swift in Sources */ = {isa = PBXBuildFile; fileRef = 5E400A452AD98BF700F38C03 /* WordlplayTests.swift */; };
		5E400A502AD98BF700F38C03 /* WordlplayUITests.swift in Sources */ = {isa = PBXBuildFile; fileRef = 5E400A4F2AD98BF700F38C03 /* WordlplayUITests.swift */; };
		5E400A522AD98BF700F38C03 /* WordlplayUITestsLaunchTests.swift in Sources */ = {isa = PBXBuildFile; fileRef = 5E400A512AD98BF700F38C03 /* WordlplayUITestsLaunchTests.swift */; };
/* End PBXBuildFile section */

/* Begin PBXContainerItemProxy section */
		5E400A422AD98BF700F38C03 /* PBXContainerItemProxy */ = {
			isa = PBXContainerItemProxy;
			containerPortal = 5E400A292AD98BF500F38C03 /* Project object */;
			proxyType = 1;
			remoteGlobalIDString = 5E400A302AD98BF500F38C03;
			remoteInfo = Wordlplay;
		};
		5E400A4C2AD98BF700F38C03 /* PBXContainerItemProxy */ = {
			isa = PBXContainerItemProxy;
			containerPortal = 5E400A292AD98BF500F38C03 /* Project object */;
			proxyType = 1;
			remoteGlobalIDString = 5E400A302AD98BF500F38C03;
			remoteInfo = Wordlplay;
		};
/* End PBXContainerItemProxy section */

/* Begin PBXFileReference section */
		5E400A312AD98BF500F38C03 /* Wordlplay.app */ = {isa = PBXFileReference; explicitFileType = wrapper.application; includeInIndex = 0; path = Wordlplay.app; sourceTree = BUILT_PRODUCTS_DIR; };
		5E400A342AD98BF500F38C03 /* WordlplayApp.swift */ = {isa = PBXFileReference; lastKnownFileType = sourcecode.swift; path = WordlplayApp.swift; sourceTree = "<group>"; };
		5E400A362AD98BF500F38C03 /* ContentView.swift */ = {isa = PBXFileReference; lastKnownFileType = sourcecode.swift; path = ContentView.swift; sourceTree = "<group>"; };
		5E400A382AD98BF700F38C03 /* Assets.xcassets */ = {isa = PBXFileReference; lastKnownFileType = folder.assetcatalog; path = Assets.xcassets; sourceTree = "<group>"; };
		5E400A3B2AD98BF700F38C03 /* Preview Assets.xcassets */ = {isa = PBXFileReference; lastKnownFileType = folder.assetcatalog; path = "Preview Assets.xcassets"; sourceTree = "<group>"; };
		5E400A412AD98BF700F38C03 /* WordlplayTests.xctest */ = {isa = PBXFileReference; explicitFileType = wrapper.cfbundle; includeInIndex = 0; path = WordlplayTests.xctest; sourceTree = BUILT_PRODUCTS_DIR; };
		5E400A452AD98BF700F38C03 /* WordlplayTests.swift */ = {isa = PBXFileReference; lastKnownFileType = sourcecode.swift; path = WordlplayTests.swift; sourceTree = "<group>"; };
		5E400A4B2AD98BF700F38C03 /* WordlplayUITests.xctest */ = {isa = PBXFileReference; explicitFileType = wrapper.cfbundle; includeInIndex = 0; path = WordlplayUITests.xctest; sourceTree = BUILT_PRODUCTS_DIR; };
		5E400A4F2AD98BF700F38C03 /* WordlplayUITests.swift */ = {isa = PBXFileReference; lastKnownFileType = sourcecode.swift; path = WordlplayUITests.swift; sourceTree = "<group>"; };
		5E400A512AD98BF700F38C03 /* WordlplayUITestsLaunchTests.swift */ = {isa = PBXFileReference; lastKnownFileType = sourcecode.swift; path = WordlplayUITestsLaunchTests.swift; sourceTree = "<group>"; };
/* End PBXFileReference section */

/* Begin PBXFrameworksBuildPhase section */
		5E400A2E2AD98BF500F38C03 /* Frameworks */ = {
			isa = PBXFrameworksBuildPhase;
			buildActionMask = 2147483647;
			files = (
			);
			runOnlyForDeploymentPostprocessing = 0;
		};
		5E400A3E2AD98BF700F38C03 /* Frameworks */ = {
			isa = PBXFrameworksBuildPhase;
			buildActionMask = 2147483647;
			files = (
			);
			runOnlyForDeploymentPostprocessing = 0;
		};
		5E400A482AD98BF700F38C03 /* Frameworks */ = {
			isa = PBXFrameworksBuildPhase;
			buildActionMask = 2147483647;
			files = (
			);
			runOnlyForDeploymentPostprocessing = 0;
		};
/* End PBXFrameworksBuildPhase section */

/* Begin PBXGroup section */
		5E400A282AD98BF500F38C03 = {
			isa = PBXGroup;
			children = (
				5E400A332AD98BF500F38C03 /* Wordlplay */,
				5E400A442AD98BF700F38C03 /* WordlplayTests */,
				5E400A4E2AD98BF700F38C03 /* WordlplayUITests */,
				5E400A322AD98BF500F38C03 /* Products */,
			);
			sourceTree = "<group>";
		};
		5E400A322AD98BF500F38C03 /* Products */ = {
			isa = PBXGroup;
			children = (
				5E400A312AD98BF500F38C03 /* Wordlplay.app */,
				5E400A412AD98BF700F38C03 /* WordlplayTests.xctest */,
				5E400A4B2AD98BF700F38C03 /* WordlplayUITests.xctest */,
			);
			name = Products;
			sourceTree = "<group>";
		};
		5E400A332AD98BF500F38C03 /* Wordlplay */ = {
			isa = PBXGroup;
			children = (
				5E400A342AD98BF500F38C03 /* WordlplayApp.swift */,
				5E400A362AD98BF500F38C03 /* ContentView.swift */,
				5E400A382AD98BF700F38C03 /* Assets.xcassets */,
				5E400A3A2AD98BF700F38C03 /* Preview Content */,
			);
			path = Wordlplay;
			sourceTree = "<group>";
		};
		5E400A3A2AD98BF700F38C03 /* Preview Content */ = {
			isa = PBXGroup;
			children = (
				5E400A3B2AD98BF700F38C03 /* Preview Assets.xcassets */,
			);
			path = "Preview Content";
			sourceTree = "<group>";
		};
		5E400A442AD98BF700F38C03 /* WordlplayTests */ = {
			isa = PBXGroup;
			children = (
				5E400A452AD98BF700F38C03 /* WordlplayTests.swift */,
			);
			path = WordlplayTests;
			sourceTree = "<group>";
		};
		5E400A4E2AD98BF700F38C03 /* WordlplayUITests */ = {
			isa = PBXGroup;
			children = (
				5E400A4F2AD98BF700F38C03 /* WordlplayUITests.swift */,
				5E400A512AD98BF700F38C03 /* WordlplayUITestsLaunchTests.swift */,
			);
			path = WordlplayUITests;
			sourceTree = "<group>";
		};
/* End PBXGroup section */

/* Begin PBXNativeTarget section */
		5E400A302AD98BF500F38C03 /* Wordlplay */ = {
			isa = PBXNativeTarget;
			buildConfigurationList = 5E400A552AD98BF700F38C03 /* Build configuration list for PBXNativeTarget "Wordlplay" */;
			buildPhases = (
				5E400A2D2AD98BF500F38C03 /* Sources */,
				5E400A2E2AD98BF500F38C03 /* Frameworks */,
				5E400A2F2AD98BF500F38C03 /* Resources */,
			);
			buildRules = (
			);
			dependencies = (
			);
			name = Wordlplay;
			productName = Wordlplay;
			productReference = 5E400A312AD98BF500F38C03 /* Wordlplay.app */;
			productType = "com.apple.product-type.application";
		};
		5E400A402AD98BF700F38C03 /* WordlplayTests */ = {
			isa = PBXNativeTarget;
			buildConfigurationList = 5E400A582AD98BF700F38C03 /* Build configuration list for PBXNativeTarget "WordlplayTests" */;
			buildPhases = (
				5E400A3D2AD98BF700F38C03 /* Sources */,
				5E400A3E2AD98BF700F38C03 /* Frameworks */,
				5E400A3F2AD98BF700F38C03 /* Resources */,
			);
			buildRules = (
			);
			dependencies = (
				5E400A432AD98BF700F38C03 /* PBXTargetDependency */,
			);
			name = WordlplayTests;
			productName = WordlplayTests;
			productReference = 5E400A412AD98BF700F38C03 /* WordlplayTests.xctest */;
			productType = "com.apple.product-type.bundle.unit-test";
		};
		5E400A4A2AD98BF700F38C03 /* WordlplayUITests */ = {
			isa = PBXNativeTarget;
			buildConfigurationList = 5E400A5B2AD98BF700F38C03 /* Build configuration list for PBXNativeTarget "WordlplayUITests" */;
			buildPhases = (
				5E400A472AD98BF700F38C03 /* Sources */,
				5E400A482AD98BF700F38C03 /* Frameworks */,
				5E400A492AD98BF700F38C03 /* Resources */,
			);
			buildRules = (
			);
			dependencies = (
				5E400A4D2AD98BF700F38C03 /* PBXTargetDependency */,
			);
			name = WordlplayUITests;
			productName = WordlplayUITests;
			productReference = 5E400A4B2AD98BF700F38C03 /* WordlplayUITests.xctest */;
			productType = "com.apple.product-type.bundle.ui-testing";
		};
/* End PBXNativeTarget section */

/* Begin PBXProject section */
		5E400A292AD98BF500F38C03 /* Project object */ = {
			isa = PBXProject;
			attributes = {
				BuildIndependentTargetsInParallel = 1;
				LastSwiftUpdateCheck = 1430;
				LastUpgradeCheck = 1430;
				TargetAttributes = {
					5E400A302AD98BF500F38C03 = {
						CreatedOnToolsVersion = 14.3.1;
					};
					5E400A402AD98BF700F38C03 = {
						CreatedOnToolsVersion = 14.3.1;
						TestTargetID = 5E400A302AD98BF500F38C03;
					};
					5E400A4A2AD98BF700F38C03 = {
						CreatedOnToolsVersion = 14.3.1;
						TestTargetID = 5E400A302AD98BF500F38C03;
					};
				};
			};
			buildConfigurationList = 5E400A2C2AD98BF500F38C03 /* Build configuration list for PBXProject "Wordlplay" */;
			compatibilityVersion = "Xcode 14.0";
			developmentRegion = en;
			hasScannedForEncodings = 0;
			knownRegions = (
				en,
				Base,
			);
			mainGroup = 5E400A282AD98BF500F38C03;
			productRefGroup = 5E400A322AD98BF500F38C03 /* Products */;
			projectDirPath = "";
			projectRoot = "";
			targets = (
				5E400A302AD98BF500F38C03 /* Wordlplay */,
				5E400A402AD98BF700F38C03 /* WordlplayTests */,
				5E400A4A2AD98BF700F38C03 /* WordlplayUITests */,
			);
		};
/* End PBXProject section */

/* Begin PBXResourcesBuildPhase section */
		5E400A2F2AD98BF500F38C03 /* Resources */ = {
			isa = PBXResourcesBuildPhase;
			buildActionMask = 2147483647;
			files = (
				5E400A3C2AD98BF700F38C03 /* Preview Assets.xcassets in Resources */,
				5E400A392AD98BF700F38C03 /* Assets.xcassets in Resources */,
			);
			runOnlyForDeploymentPostprocessing = 0;
		};
		5E400A3F2AD98BF700F38C03 /* Resources */ = {
			isa = PBXResourcesBuildPhase;
			buildActionMask = 2147483647;
			files = (
			);
			runOnlyForDeploymentPostprocessing = 0;
		};
		5E400A492AD98BF700F38C03 /* Resources */ = {
			isa = PBXResourcesBuildPhase;
			buildActionMask = 2147483647;
			files = (
			);
			runOnlyForDeploymentPostprocessing = 0;
		};
/* End PBXResourcesBuildPhase section */

/* Begin PBXSourcesBuildPhase section */
		5E400A2D2AD98BF500F38C03 /* Sources */ = {
			isa = PBXSourcesBuildPhase;
			buildActionMask = 2147483647;
			files = (
				5E400A372AD98BF500F38C03 /* ContentView.swift in Sources */,
				5E400A352AD98BF500F38C03 /* WordlplayApp.swift in Sources */,
			);
			runOnlyForDeploymentPostprocessing = 0;
		};
		5E400A3D2AD98BF700F38C03 /* Sources */ = {
			isa = PBXSourcesBuildPhase;
			buildActionMask = 2147483647;
			files = (
				5E400A462AD98BF700F38C03 /* WordlplayTests.swift in Sources */,
			);
			runOnlyForDeploymentPostprocessing = 0;
		};
		5E400A472AD98BF700F38C03 /* Sources */ = {
			isa = PBXSourcesBuildPhase;
			buildActionMask = 2147483647;
			files = (
				5E400A502AD98BF700F38C03 /* WordlplayUITests.swift in Sources */,
				5E400A522AD98BF700F38C03 /* WordlplayUITestsLaunchTests.swift in Sources */,
			);
			runOnlyForDeploymentPostprocessing = 0;
		};
/* End PBXSourcesBuildPhase section */

/* Begin PBXTargetDependency section */
		5E400A432AD98BF700F38C03 /* PBXTargetDependency */ = {
			isa = PBXTargetDependency;
			target = 5E400A302AD98BF500F38C03 /* Wordlplay */;
			targetProxy = 5E400A422AD98BF700F38C03 /* PBXContainerItemProxy */;
		};
		5E400A4D2AD98BF700F38C03 /* PBXTargetDependency */ = {
			isa = PBXTargetDependency;
			target = 5E400A302AD98BF500F38C03 /* Wordlplay */;
			targetProxy = 5E400A4C2AD98BF700F38C03 /* PBXContainerItemProxy */;
		};
/* End PBXTargetDependency section */

/* Begin XCBuildConfiguration section */
		5E400A532AD98BF700F38C03 /* Debug */ = {
			isa = XCBuildConfiguration;
			buildSettings = {
				ALWAYS_SEARCH_USER_PATHS = NO;
				CLANG_ANALYZER_NONNULL = YES;
				CLANG_ANALYZER_NUMBER_OBJECT_CONVERSION = YES_AGGRESSIVE;
				CLANG_CXX_LANGUAGE_STANDARD = "gnu++20";
				CLANG_ENABLE_MODULES = YES;
				CLANG_ENABLE_OBJC_ARC = YES;
				CLANG_ENABLE_OBJC_WEAK = YES;
				CLANG_WARN_BLOCK_CAPTURE_AUTORELEASING = YES;
				CLANG_WARN_BOOL_CONVERSION = YES;
				CLANG_WARN_COMMA = YES;
				CLANG_WARN_CONSTANT_CONVERSION = YES;
				CLANG_WARN_DEPRECATED_OBJC_IMPLEMENTATIONS = YES;
				CLANG_WARN_DIRECT_OBJC_ISA_USAGE = YES_ERROR;
				CLANG_WARN_DOCUMENTATION_COMMENTS = YES;
				CLANG_WARN_EMPTY_BODY = YES;
				CLANG_WARN_ENUM_CONVERSION = YES;
				CLANG_WARN_INFINITE_RECURSION = YES;
				CLANG_WARN_INT_CONVERSION = YES;
				CLANG_WARN_NON_LITERAL_NULL_CONVERSION = YES;
				CLANG_WARN_OBJC_IMPLICIT_RETAIN_SELF = YES;
				CLANG_WARN_OBJC_LITERAL_CONVERSION = YES;
				CLANG_WARN_OBJC_ROOT_CLASS = YES_ERROR;
				CLANG_WARN_QUOTED_INCLUDE_IN_FRAMEWORK_HEADER = YES;
				CLANG_WARN_RANGE_LOOP_ANALYSIS = YES;
				CLANG_WARN_STRICT_PROTOTYPES = YES;
				CLANG_WARN_SUSPICIOUS_MOVE = YES;
				CLANG_WARN_UNGUARDED_AVAILABILITY = YES_AGGRESSIVE;
				CLANG_WARN_UNREACHABLE_CODE = YES;
				CLANG_WARN__DUPLICATE_METHOD_MATCH = YES;
				COPY_PHASE_STRIP = NO;
				DEBUG_INFORMATION_FORMAT = dwarf;
				ENABLE_STRICT_OBJC_MSGSEND = YES;
				ENABLE_TESTABILITY = YES;
				GCC_C_LANGUAGE_STANDARD = gnu11;
				GCC_DYNAMIC_NO_PIC = NO;
				GCC_NO_COMMON_BLOCKS = YES;
				GCC_OPTIMIZATION_LEVEL = 0;
				GCC_PREPROCESSOR_DEFINITIONS = (
					"DEBUG=1",
					"$(inherited)",
				);
				GCC_WARN_64_TO_32_BIT_CONVERSION = YES;
				GCC_WARN_ABOUT_RETURN_TYPE = YES_ERROR;
				GCC_WARN_UNDECLARED_SELECTOR = YES;
				GCC_WARN_UNINITIALIZED_AUTOS = YES_AGGRESSIVE;
				GCC_WARN_UNUSED_FUNCTION = YES;
				GCC_WARN_UNUSED_VARIABLE = YES;
				IPHONEOS_DEPLOYMENT_TARGET = 16.4;
				MTL_ENABLE_DEBUG_INFO = INCLUDE_SOURCE;
				MTL_FAST_MATH = YES;
				ONLY_ACTIVE_ARCH = YES;
				SDKROOT = iphoneos;
				SWIFT_ACTIVE_COMPILATION_CONDITIONS = DEBUG;
				SWIFT_OPTIMIZATION_LEVEL = "-Onone";
			};
			name = Debug;
		};
		5E400A542AD98BF700F38C03 /* Release */ = {
			isa = XCBuildConfiguration;
			buildSettings = {
				ALWAYS_SEARCH_USER_PATHS = NO;
				CLANG_ANALYZER_NONNULL = YES;
				CLANG_ANALYZER_NUMBER_OBJECT_CONVERSION = YES_AGGRESSIVE;
				CLANG_CXX_LANGUAGE_STANDARD = "gnu++20";
				CLANG_ENABLE_MODULES = YES;
				CLANG_ENABLE_OBJC_ARC = YES;
				CLANG_ENABLE_OBJC_WEAK = YES;
				CLANG_WARN_BLOCK_CAPTURE_AUTORELEASING = YES;
				CLANG_WARN_BOOL_CONVERSION = YES;
				CLANG_WARN_COMMA = YES;
				CLANG_WARN_CONSTANT_CONVERSION = YES;
				CLANG_WARN_DEPRECATED_OBJC_IMPLEMENTATIONS = YES;
				CLANG_WARN_DIRECT_OBJC_ISA_USAGE = YES_ERROR;
				CLANG_WARN_DOCUMENTATION_COMMENTS = YES;
				CLANG_WARN_EMPTY_BODY = YES;
				CLANG_WARN_ENUM_CONVERSION = YES;
				CLANG_WARN_INFINITE_RECURSION = YES;
				CLANG_WARN_INT_CONVERSION = YES;
				CLANG_WARN_NON_LITERAL_NULL_CONVERSION = YES;
				CLANG_WARN_OBJC_IMPLICIT_RETAIN_SELF = YES;
				CLANG_WARN_OBJC_LITERAL_CONVERSION = YES;
				CLANG_WARN_OBJC_ROOT_CLASS = YES_ERROR;
				CLANG_WARN_QUOTED_INCLUDE_IN_FRAMEWORK_HEADER = YES;
				CLANG_WARN_RANGE_LOOP_ANALYSIS = YES;
				CLANG_WARN_STRICT_PROTOTYPES = YES;
				CLANG_WARN_SUSPICIOUS_MOVE = YES;
				CLANG_WARN_UNGUARDED_AVAILABILITY = YES_AGGRESSIVE;
				CLANG_WARN_UNREACHABLE_CODE = YES;
				CLANG_WARN__DUPLICATE_METHOD_MATCH = YES;
				COPY_PHASE_STRIP = NO;
				DEBUG_INFORMATION_FORMAT = "dwarf-with-dsym";
				ENABLE_NS_ASSERTIONS = NO;
				ENABLE_STRICT_OBJC_MSGSEND = YES;
				GCC_C_LANGUAGE_STANDARD = gnu11;
				GCC_NO_COMMON_BLOCKS = YES;
				GCC_WARN_64_TO_32_BIT_CONVERSION = YES;
				GCC_WARN_ABOUT_RETURN_TYPE = YES_ERROR;
				GCC_WARN_UNDECLARED_SELECTOR = YES;
				GCC_WARN_UNINITIALIZED_AUTOS = YES_AGGRESSIVE;
				GCC_WARN_UNUSED_FUNCTION = YES;
				GCC_WARN_UNUSED_VARIABLE = YES;
				IPHONEOS_DEPLOYMENT_TARGET = 16.4;
				MTL_ENABLE_DEBUG_INFO = NO;
				MTL_FAST_MATH = YES;
				SDKROOT = iphoneos;
				SWIFT_COMPILATION_MODE = wholemodule;
				SWIFT_OPTIMIZATION_LEVEL = "-O";
				VALIDATE_PRODUCT = YES;
			};
			name = Release;
		};
		5E400A562AD98BF700F38C03 /* Debug */ = {
			isa = XCBuildConfiguration;
			buildSettings = {
				ASSETCATALOG_COMPILER_APPICON_NAME = AppIcon;
				ASSETCATALOG_COMPILER_GLOBAL_ACCENT_COLOR_NAME = AccentColor;
				CODE_SIGN_STYLE = Automatic;
				CURRENT_PROJECT_VERSION = 1;
				DEVELOPMENT_ASSET_PATHS = "\"Wordlplay/Preview Content\"";
				ENABLE_PREVIEWS = YES;
				GENERATE_INFOPLIST_FILE = YES;
				INFOPLIST_KEY_UIApplicationSceneManifest_Generation = YES;
				INFOPLIST_KEY_UIApplicationSupportsIndirectInputEvents = YES;
				INFOPLIST_KEY_UILaunchScreen_Generation = YES;
				INFOPLIST_KEY_UISupportedInterfaceOrientations_iPad = "UIInterfaceOrientationPortrait UIInterfaceOrientationPortraitUpsideDown UIInterfaceOrientationLandscapeLeft UIInterfaceOrientationLandscapeRight";
				INFOPLIST_KEY_UISupportedInterfaceOrientations_iPhone = "UIInterfaceOrientationPortrait UIInterfaceOrientationLandscapeLeft UIInterfaceOrientationLandscapeRight";
				LD_RUNPATH_SEARCH_PATHS = (
					"$(inherited)",
					"@executable_path/Frameworks",
				);
				MARKETING_VERSION = 1.0;
				PRODUCT_BUNDLE_IDENTIFIER = Ethan.Wordlplay;
				PRODUCT_NAME = "$(TARGET_NAME)";
				SWIFT_EMIT_LOC_STRINGS = YES;
				SWIFT_VERSION = 5.0;
				TARGETED_DEVICE_FAMILY = "1,2";
			};
			name = Debug;
		};
		5E400A572AD98BF700F38C03 /* Release */ = {
			isa = XCBuildConfiguration;
			buildSettings = {
				ASSETCATALOG_COMPILER_APPICON_NAME = AppIcon;
				ASSETCATALOG_COMPILER_GLOBAL_ACCENT_COLOR_NAME = AccentColor;
				CODE_SIGN_STYLE = Automatic;
				CURRENT_PROJECT_VERSION = 1;
				DEVELOPMENT_ASSET_PATHS = "\"Wordlplay/Preview Content\"";
				ENABLE_PREVIEWS = YES;
				GENERATE_INFOPLIST_FILE = YES;
				INFOPLIST_KEY_UIApplicationSceneManifest_Generation = YES;
				INFOPLIST_KEY_UIApplicationSupportsIndirectInputEvents = YES;
				INFOPLIST_KEY_UILaunchScreen_Generation = YES;
				INFOPLIST_KEY_UISupportedInterfaceOrientations_iPad = "UIInterfaceOrientationPortrait UIInterfaceOrientationPortraitUpsideDown UIInterfaceOrientationLandscapeLeft UIInterfaceOrientationLandscapeRight";
				INFOPLIST_KEY_UISupportedInterfaceOrientations_iPhone = "UIInterfaceOrientationPortrait UIInterfaceOrientationLandscapeLeft UIInterfaceOrientationLandscapeRight";
				LD_RUNPATH_SEARCH_PATHS = (
					"$(inherited)",
					"@executable_path/Frameworks",
				);
				MARKETING_VERSION = 1.0;
				PRODUCT_BUNDLE_IDENTIFIER = Ethan.Wordlplay;
				PRODUCT_NAME = "$(TARGET_NAME)";
				SWIFT_EMIT_LOC_STRINGS = YES;
				SWIFT_VERSION = 5.0;
				TARGETED_DEVICE_FAMILY = "1,2";
			};
			name = Release;
		};
		5E400A592AD98BF700F38C03 /* Debug */ = {
			isa = XCBuildConfiguration;
			buildSettings = {
				ALWAYS_EMBED_SWIFT_STANDARD_LIBRARIES = YES;
				BUNDLE_LOADER = "$(TEST_HOST)";
				CODE_SIGN_STYLE = Automatic;
				CURRENT_PROJECT_VERSION = 1;
				GENERATE_INFOPLIST_FILE = YES;
				IPHONEOS_DEPLOYMENT_TARGET = 16.4;
				MARKETING_VERSION = 1.0;
				PRODUCT_BUNDLE_IDENTIFIER = Ethan.WordlplayTests;
				PRODUCT_NAME = "$(TARGET_NAME)";
				SWIFT_EMIT_LOC_STRINGS = NO;
				SWIFT_VERSION = 5.0;
				TARGETED_DEVICE_FAMILY = "1,2";
				TEST_HOST = "$(BUILT_PRODUCTS_DIR)/Wordlplay.app/$(BUNDLE_EXECUTABLE_FOLDER_PATH)/Wordlplay";
			};
			name = Debug;
		};
		5E400A5A2AD98BF700F38C03 /* Release */ = {
			isa = XCBuildConfiguration;
			buildSettings = {
				ALWAYS_EMBED_SWIFT_STANDARD_LIBRARIES = YES;
				BUNDLE_LOADER = "$(TEST_HOST)";
				CODE_SIGN_STYLE = Automatic;
				CURRENT_PROJECT_VERSION = 1;
				GENERATE_INFOPLIST_FILE = YES;
				IPHONEOS_DEPLOYMENT_TARGET = 16.4;
				MARKETING_VERSION = 1.0;
				PRODUCT_BUNDLE_IDENTIFIER = Ethan.WordlplayTests;
				PRODUCT_NAME = "$(TARGET_NAME)";
				SWIFT_EMIT_LOC_STRINGS = NO;
				SWIFT_VERSION = 5.0;
				TARGETED_DEVICE_FAMILY = "1,2";
				TEST_HOST = "$(BUILT_PRODUCTS_DIR)/Wordlplay.app/$(BUNDLE_EXECUTABLE_FOLDER_PATH)/Wordlplay";
			};
			name = Release;
		};
		5E400A5C2AD98BF700F38C03 /* Debug */ = {
			isa = XCBuildConfiguration;
			buildSettings = {
				ALWAYS_EMBED_SWIFT_STANDARD_LIBRARIES = YES;
				CODE_SIGN_STYLE = Automatic;
				CURRENT_PROJECT_VERSION = 1;
				GENERATE_INFOPLIST_FILE = YES;
				MARKETING_VERSION = 1.0;
				PRODUCT_BUNDLE_IDENTIFIER = Ethan.WordlplayUITests;
				PRODUCT_NAME = "$(TARGET_NAME)";
				SWIFT_EMIT_LOC_STRINGS = NO;
				SWIFT_VERSION = 5.0;
				TARGETED_DEVICE_FAMILY = "1,2";
				TEST_TARGET_NAME = Wordlplay;
			};
			name = Debug;
		};
		5E400A5D2AD98BF700F38C03 /* Release */ = {
			isa = XCBuildConfiguration;
			buildSettings = {
				ALWAYS_EMBED_SWIFT_STANDARD_LIBRARIES = YES;
				CODE_SIGN_STYLE = Automatic;
				CURRENT_PROJECT_VERSION = 1;
				GENERATE_INFOPLIST_FILE = YES;
				MARKETING_VERSION = 1.0;
				PRODUCT_BUNDLE_IDENTIFIER = Ethan.WordlplayUITests;
				PRODUCT_NAME = "$(TARGET_NAME)";
				SWIFT_EMIT_LOC_STRINGS = NO;
				SWIFT_VERSION = 5.0;
				TARGETED_DEVICE_FAMILY = "1,2";
				TEST_TARGET_NAME = Wordlplay;
			};
			name = Release;
		};
/* End XCBuildConfiguration section */

/* Begin XCConfigurationList section */
		5E400A2C2AD98BF500F38C03 /* Build configuration list for PBXProject "Wordlplay" */ = {
			isa = XCConfigurationList;
			buildConfigurations = (
				5E400A532AD98BF700F38C03 /* Debug */,
				5E400A542AD98BF700F38C03 /* Release */,
			);
			defaultConfigurationIsVisible = 0;
			defaultConfigurationName = Release;
		};
		5E400A552AD98BF700F38C03 /* Build configuration list for PBXNativeTarget "Wordlplay" */ = {
			isa = XCConfigurationList;
			buildConfigurations = (
				5E400A562AD98BF700F38C03 /* Debug */,
				5E400A572AD98BF700F38C03 /* Release */,
			);
			defaultConfigurationIsVisible = 0;
			defaultConfigurationName = Release;
		};
		5E400A582AD98BF700F38C03 /* Build configuration list for PBXNativeTarget "WordlplayTests" */ = {
			isa = XCConfigurationList;
			buildConfigurations = (
				5E400A592AD98BF700F38C03 /* Debug */,
				5E400A5A2AD98BF700F38C03 /* Release */,
			);
			defaultConfigurationIsVisible = 0;
			defaultConfigurationName = Release;
		};
		5E400A5B2AD98BF700F38C03 /* Build configuration list for PBXNativeTarget "WordlplayUITests" */ = {
			isa = XCConfigurationList;
			buildConfigurations = (
				5E400A5C2AD98BF700F38C03 /* Debug */,
				5E400A5D2AD98BF700F38C03 /* Release */,
			);
			defaultConfigurationIsVisible = 0;
			defaultConfigurationName = Release;
		};
/* End XCConfigurationList section */
	};
	rootObject = 5E400A292AD98BF500F38C03 /* Project object */;
}
